// !$*UTF8*$!
{
	archiveVersion = 1;
	classes = {
	};
	objectVersion = 46;
	objects = {

/* Begin PBXBuildFile section */
		B9AA0D1F1A81E91100979455 /* main.m in Sources */ = {isa = PBXBuildFile; fileRef = B9AA0D1E1A81E91100979455 /* main.m */; };
		B9AA0D221A81E91100979455 /* AppDelegate.m in Sources */ = {isa = PBXBuildFile; fileRef = B9AA0D211A81E91100979455 /* AppDelegate.m */; };
		B9AA0D251A81E91100979455 /* Home.m in Sources */ = {isa = PBXBuildFile; fileRef = B9AA0D241A81E91100979455 /* Home.m */; };
		B9AA0D281A81E91100979455 /* Main.storyboard in Resources */ = {isa = PBXBuildFile; fileRef = B9AA0D261A81E91100979455 /* Main.storyboard */; };
		B9AA0D2A1A81E91100979455 /* Images.xcassets in Resources */ = {isa = PBXBuildFile; fileRef = B9AA0D291A81E91100979455 /* Images.xcassets */; };
		B9AA0D2D1A81E91100979455 /* LaunchScreen.xib in Resources */ = {isa = PBXBuildFile; fileRef = B9AA0D2B1A81E91100979455 /* LaunchScreen.xib */; };
		B9AA0D391A81E91100979455 /* Lab03Tests.m in Sources */ = {isa = PBXBuildFile; fileRef = B9AA0D381A81E91100979455 /* Lab03Tests.m */; };
		B9AA0D441A81F8AE00979455 /* Nuevo.m in Sources */ = {isa = PBXBuildFile; fileRef = B9AA0D431A81F8AE00979455 /* Nuevo.m */; };
		B9AA0D471A81FC3100979455 /* Listado.m in Sources */ = {isa = PBXBuildFile; fileRef = B9AA0D461A81FC3100979455 /* Listado.m */; };
		B9AA0D4B1A81FE6600979455 /* Detalle.m in Sources */ = {isa = PBXBuildFile; fileRef = B9AA0D4A1A81FE6600979455 /* Detalle.m */; };
		B9AA0D4E1A8202A500979455 /* Vermas.m in Sources */ = {isa = PBXBuildFile; fileRef = B9AA0D4D1A8202A500979455 /* Vermas.m */; };
/* End PBXBuildFile section */

/* Begin PBXContainerItemProxy section */
		B9AA0D331A81E91100979455 /* PBXContainerItemProxy */ = {
			isa = PBXContainerItemProxy;
			containerPortal = B9AA0D111A81E91100979455 /* Project object */;
			proxyType = 1;
			remoteGlobalIDString = B9AA0D181A81E91100979455;
			remoteInfo = Lab03;
		};
/* End PBXContainerItemProxy section */

/* Begin PBXFileReference section */
		B9AA0D191A81E91100979455 /* Lab03.app */ = {isa = PBXFileReference; explicitFileType = wrapper.application; includeInIndex = 0; path = Lab03.app; sourceTree = BUILT_PRODUCTS_DIR; };
		B9AA0D1D1A81E91100979455 /* Info.plist */ = {isa = PBXFileReference; lastKnownFileType = text.plist.xml; path = Info.plist; sourceTree = "<group>"; };
		B9AA0D1E1A81E91100979455 /* main.m */ = {isa = PBXFileReference; lastKnownFileType = sourcecode.c.objc; path = main.m; sourceTree = "<group>"; };
		B9AA0D201A81E91100979455 /* AppDelegate.h */ = {isa = PBXFileReference; lastKnownFileType = sourcecode.c.h; path = AppDelegate.h; sourceTree = "<group>"; };
		B9AA0D211A81E91100979455 /* AppDelegate.m */ = {isa = PBXFileReference; lastKnownFileType = sourcecode.c.objc; path = AppDelegate.m; sourceTree = "<group>"; };
		B9AA0D231A81E91100979455 /* Home.h */ = {isa = PBXFileReference; lastKnownFileType = sourcecode.c.h; path = Home.h; sourceTree = "<group>"; };
		B9AA0D241A81E91100979455 /* Home.m */ = {isa = PBXFileReference; lastKnownFileType = sourcecode.c.objc; path = Home.m; sourceTree = "<group>"; };
		B9AA0D271A81E91100979455 /* Base */ = {isa = PBXFileReference; lastKnownFileType = file.storyboard; name = Base; path = Base.lproj/Main.storyboard; sourceTree = "<group>"; };
		B9AA0D291A81E91100979455 /* Images.xcassets */ = {isa = PBXFileReference; lastKnownFileType = folder.assetcatalog; path = Images.xcassets; sourceTree = "<group>"; };
		B9AA0D2C1A81E91100979455 /* Base */ = {isa = PBXFileReference; lastKnownFileType = file.xib; name = Base; path = Base.lproj/LaunchScreen.xib; sourceTree = "<group>"; };
		B9AA0D321A81E91100979455 /* Lab03Tests.xctest */ = {isa = PBXFileReference; explicitFileType = wrapper.cfbundle; includeInIndex = 0; path = Lab03Tests.xctest; sourceTree = BUILT_PRODUCTS_DIR; };
		B9AA0D371A81E91100979455 /* Info.plist */ = {isa = PBXFileReference; lastKnownFileType = text.plist.xml; path = Info.plist; sourceTree = "<group>"; };
		B9AA0D381A81E91100979455 /* Lab03Tests.m */ = {isa = PBXFileReference; lastKnownFileType = sourcecode.c.objc; path = Lab03Tests.m; sourceTree = "<group>"; };
		B9AA0D421A81F8AE00979455 /* Nuevo.h */ = {isa = PBXFileReference; fileEncoding = 4; lastKnownFileType = sourcecode.c.h; path = Nuevo.h; sourceTree = "<group>"; };
		B9AA0D431A81F8AE00979455 /* Nuevo.m */ = {isa = PBXFileReference; fileEncoding = 4; lastKnownFileType = sourcecode.c.objc; path = Nuevo.m; sourceTree = "<group>"; };
		B9AA0D451A81FC3100979455 /* Listado.h */ = {isa = PBXFileReference; fileEncoding = 4; lastKnownFileType = sourcecode.c.h; path = Listado.h; sourceTree = "<group>"; };
		B9AA0D461A81FC3100979455 /* Listado.m */ = {isa = PBXFileReference; fileEncoding = 4; lastKnownFileType = sourcecode.c.objc; path = Listado.m; sourceTree = "<group>"; };
		B9AA0D491A81FE6600979455 /* Detalle.h */ = {isa = PBXFileReference; fileEncoding = 4; lastKnownFileType = sourcecode.c.h; name = Detalle.h; path = ../Detalle.h; sourceTree = "<group>"; };
		B9AA0D4A1A81FE6600979455 /* Detalle.m */ = {isa = PBXFileReference; fileEncoding = 4; lastKnownFileType = sourcecode.c.objc; name = Detalle.m; path = ../Detalle.m; sourceTree = "<group>"; };
		B9AA0D4C1A8202A500979455 /* Vermas.h */ = {isa = PBXFileReference; fileEncoding = 4; lastKnownFileType = sourcecode.c.h; path = Vermas.h; sourceTree = "<group>"; };
		B9AA0D4D1A8202A500979455 /* Vermas.m */ = {isa = PBXFileReference; fileEncoding = 4; lastKnownFileType = sourcecode.c.objc; path = Vermas.m; sourceTree = "<group>"; };
/* End PBXFileReference section */

/* Begin PBXFrameworksBuildPhase section */
		B9AA0D161A81E91100979455 /* Frameworks */ = {
			isa = PBXFrameworksBuildPhase;
			buildActionMask = 2147483647;
			files = (
			);
			runOnlyForDeploymentPostprocessing = 0;
		};
		B9AA0D2F1A81E91100979455 /* Frameworks */ = {
			isa = PBXFrameworksBuildPhase;
			buildActionMask = 2147483647;
			files = (
			);
			runOnlyForDeploymentPostprocessing = 0;
		};
/* End PBXFrameworksBuildPhase section */

/* Begin PBXGroup section */
		B9AA0D101A81E91100979455 = {
			isa = PBXGroup;
			children = (
				B9AA0D1B1A81E91100979455 /* Lab03 */,
				B9AA0D351A81E91100979455 /* Lab03Tests */,
				B9AA0D1A1A81E91100979455 /* Products */,
			);
			sourceTree = "<group>";
		};
		B9AA0D1A1A81E91100979455 /* Products */ = {
			isa = PBXGroup;
			children = (
				B9AA0D191A81E91100979455 /* Lab03.app */,
				B9AA0D321A81E91100979455 /* Lab03Tests.xctest */,
			);
			name = Products;
			sourceTree = "<group>";
		};
		B9AA0D1B1A81E91100979455 /* Lab03 */ = {
			isa = PBXGroup;
			children = (
				B9AA0D201A81E91100979455 /* AppDelegate.h */,
				B9AA0D211A81E91100979455 /* AppDelegate.m */,
				B9AA0D231A81E91100979455 /* Home.h */,
				B9AA0D241A81E91100979455 /* Home.m */,
				B9AA0D261A81E91100979455 /* Main.storyboard */,
				B9AA0D291A81E91100979455 /* Images.xcassets */,
				B9AA0D2B1A81E91100979455 /* LaunchScreen.xib */,
				B9AA0D1C1A81E91100979455 /* Supporting Files */,
				B9AA0D421A81F8AE00979455 /* Nuevo.h */,
				B9AA0D431A81F8AE00979455 /* Nuevo.m */,
				B9AA0D451A81FC3100979455 /* Listado.h */,
				B9AA0D461A81FC3100979455 /* Listado.m */,
				B9AA0D491A81FE6600979455 /* Detalle.h */,
				B9AA0D4A1A81FE6600979455 /* Detalle.m */,
				B9AA0D4C1A8202A500979455 /* Vermas.h */,
				B9AA0D4D1A8202A500979455 /* Vermas.m */,
			);
			path = Lab03;
			sourceTree = "<group>";
		};
		B9AA0D1C1A81E91100979455 /* Supporting Files */ = {
			isa = PBXGroup;
			children = (
				B9AA0D1D1A81E91100979455 /* Info.plist */,
				B9AA0D1E1A81E91100979455 /* main.m */,
			);
			name = "Supporting Files";
			sourceTree = "<group>";
		};
		B9AA0D351A81E91100979455 /* Lab03Tests */ = {
			isa = PBXGroup;
			children = (
				B9AA0D381A81E91100979455 /* Lab03Tests.m */,
				B9AA0D361A81E91100979455 /* Supporting Files */,
			);
			path = Lab03Tests;
			sourceTree = "<group>";
		};
		B9AA0D361A81E91100979455 /* Supporting Files */ = {
			isa = PBXGroup;
			children = (
				B9AA0D371A81E91100979455 /* Info.plist */,
			);
			name = "Supporting Files";
			sourceTree = "<group>";
		};
/* End PBXGroup section */

/* Begin PBXNativeTarget section */
		B9AA0D181A81E91100979455 /* Lab03 */ = {
			isa = PBXNativeTarget;
			buildConfigurationList = B9AA0D3C1A81E91100979455 /* Build configuration list for PBXNativeTarget "Lab03" */;
			buildPhases = (
				B9AA0D151A81E91100979455 /* Sources */,
				B9AA0D161A81E91100979455 /* Frameworks */,
				B9AA0D171A81E91100979455 /* Resources */,
			);
			buildRules = (
			);
			dependencies = (
			);
			name = Lab03;
			productName = Lab03;
			productReference = B9AA0D191A81E91100979455 /* Lab03.app */;
			productType = "com.apple.product-type.application";
		};
		B9AA0D311A81E91100979455 /* Lab03Tests */ = {
			isa = PBXNativeTarget;
			buildConfigurationList = B9AA0D3F1A81E91100979455 /* Build configuration list for PBXNativeTarget "Lab03Tests" */;
			buildPhases = (
				B9AA0D2E1A81E91100979455 /* Sources */,
				B9AA0D2F1A81E91100979455 /* Frameworks */,
				B9AA0D301A81E91100979455 /* Resources */,
			);
			buildRules = (
			);
			dependencies = (
				B9AA0D341A81E91100979455 /* PBXTargetDependency */,
			);
			name = Lab03Tests;
			productName = Lab03Tests;
			productReference = B9AA0D321A81E91100979455 /* Lab03Tests.xctest */;
			productType = "com.apple.product-type.bundle.unit-test";
		};
/* End PBXNativeTarget section */

/* Begin PBXProject section */
		B9AA0D111A81E91100979455 /* Project object */ = {
			isa = PBXProject;
			attributes = {
				LastUpgradeCheck = 0610;
				ORGANIZATIONNAME = Leonel_GPR;
				TargetAttributes = {
					B9AA0D181A81E91100979455 = {
						CreatedOnToolsVersion = 6.1.1;
					};
					B9AA0D311A81E91100979455 = {
						CreatedOnToolsVersion = 6.1.1;
						TestTargetID = B9AA0D181A81E91100979455;
					};
				};
			};
			buildConfigurationList = B9AA0D141A81E91100979455 /* Build configuration list for PBXProject "Lab03" */;
			compatibilityVersion = "Xcode 3.2";
			developmentRegion = English;
			hasScannedForEncodings = 0;
			knownRegions = (
				en,
				Base,
			);
			mainGroup = B9AA0D101A81E91100979455;
			productRefGroup = B9AA0D1A1A81E91100979455 /* Products */;
			projectDirPath = "";
			projectRoot = "";
			targets = (
				B9AA0D181A81E91100979455 /* Lab03 */,
				B9AA0D311A81E91100979455 /* Lab03Tests */,
			);
		};
/* End PBXProject section */

/* Begin PBXResourcesBuildPhase section */
		B9AA0D171A81E91100979455 /* Resources */ = {
			isa = PBXResourcesBuildPhase;
			buildActionMask = 2147483647;
			files = (
				B9AA0D281A81E91100979455 /* Main.storyboard in Resources */,
				B9AA0D2D1A81E91100979455 /* LaunchScreen.xib in Resources */,
				B9AA0D2A1A81E91100979455 /* Images.xcassets in Resources */,
			);
			runOnlyForDeploymentPostprocessing = 0;
		};
		B9AA0D301A81E91100979455 /* Resources */ = {
			isa = PBXResourcesBuildPhase;
			buildActionMask = 2147483647;
			files = (
			);
			runOnlyForDeploymentPostprocessing = 0;
		};
/* End PBXResourcesBuildPhase section */

/* Begin PBXSourcesBuildPhase section */
		B9AA0D151A81E91100979455 /* Sources */ = {
			isa = PBXSourcesBuildPhase;
			buildActionMask = 2147483647;
			files = (
				B9AA0D251A81E91100979455 /* Home.m in Sources */,
				B9AA0D221A81E91100979455 /* AppDelegate.m in Sources */,
				B9AA0D1F1A81E91100979455 /* main.m in Sources */,
				B9AA0D471A81FC3100979455 /* Listado.m in Sources */,
				B9AA0D441A81F8AE00979455 /* Nuevo.m in Sources */,
				B9AA0D4E1A8202A500979455 /* Vermas.m in Sources */,
				B9AA0D4B1A81FE6600979455 /* Detalle.m in Sources */,
			);
			runOnlyForDeploymentPostprocessing = 0;
		};
		B9AA0D2E1A81E91100979455 /* Sources */ = {
			isa = PBXSourcesBuildPhase;
			buildActionMask = 2147483647;
			files = (
				B9AA0D391A81E91100979455 /* Lab03Tests.m in Sources */,
			);
			runOnlyForDeploymentPostprocessing = 0;
		};
/* End PBXSourcesBuildPhase section */

/* Begin PBXTargetDependency section */
		B9AA0D341A81E91100979455 /* PBXTargetDependency */ = {
			isa = PBXTargetDependency;
			target = B9AA0D181A81E91100979455 /* Lab03 */;
			targetProxy = B9AA0D331A81E91100979455 /* PBXContainerItemProxy */;
		};
/* End PBXTargetDependency section */

/* Begin PBXVariantGroup section */
		B9AA0D261A81E91100979455 /* Main.storyboard */ = {
			isa = PBXVariantGroup;
			children = (
				B9AA0D271A81E91100979455 /* Base */,
			);
			name = Main.storyboard;
			sourceTree = "<group>";
		};
		B9AA0D2B1A81E91100979455 /* LaunchScreen.xib */ = {
			isa = PBXVariantGroup;
			children = (
				B9AA0D2C1A81E91100979455 /* Base */,
			);
			name = LaunchScreen.xib;
			sourceTree = "<group>";
		};
/* End PBXVariantGroup section */

/* Begin XCBuildConfiguration section */
		B9AA0D3A1A81E91100979455 /* Debug */ = {
			isa = XCBuildConfiguration;
			buildSettings = {
				ALWAYS_SEARCH_USER_PATHS = NO;
				CLANG_CXX_LANGUAGE_STANDARD = "gnu++0x";
				CLANG_CXX_LIBRARY = "libc++";
				CLANG_ENABLE_MODULES = YES;
				CLANG_ENABLE_OBJC_ARC = YES;
				CLANG_WARN_BOOL_CONVERSION = YES;
				CLANG_WARN_CONSTANT_CONVERSION = YES;
				CLANG_WARN_DIRECT_OBJC_ISA_USAGE = YES_ERROR;
				CLANG_WARN_EMPTY_BODY = YES;
				CLANG_WARN_ENUM_CONVERSION = YES;
				CLANG_WARN_INT_CONVERSION = YES;
				CLANG_WARN_OBJC_ROOT_CLASS = YES_ERROR;
				CLANG_WARN_UNREACHABLE_CODE = YES;
				CLANG_WARN__DUPLICATE_METHOD_MATCH = YES;
				"CODE_SIGN_IDENTITY[sdk=iphoneos*]" = "iPhone Developer";
				COPY_PHASE_STRIP = NO;
				ENABLE_STRICT_OBJC_MSGSEND = YES;
				GCC_C_LANGUAGE_STANDARD = gnu99;
				GCC_DYNAMIC_NO_PIC = NO;
				GCC_OPTIMIZATION_LEVEL = 0;
				GCC_PREPROCESSOR_DEFINITIONS = (
					"DEBUG=1",
					"$(inherited)",
				);
				GCC_SYMBOLS_PRIVATE_EXTERN = NO;
				GCC_WARN_64_TO_32_BIT_CONVERSION = YES;
				GCC_WARN_ABOUT_RETURN_TYPE = YES_ERROR;
				GCC_WARN_UNDECLARED_SELECTOR = YES;
				GCC_WARN_UNINITIALIZED_AUTOS = YES_AGGRESSIVE;
				GCC_WARN_UNUSED_FUNCTION = YES;
				GCC_WARN_UNUSED_VARIABLE = YES;
				IPHONEOS_DEPLOYMENT_TARGET = 8.1;
				MTL_ENABLE_DEBUG_INFO = YES;
				ONLY_ACTIVE_ARCH = YES;
				SDKROOT = iphoneos;
				TARGETED_DEVICE_FAMILY = 2;
			};
			name = Debug;
		};
		B9AA0D3B1A81E91100979455 /* Release */ = {
			isa = XCBuildConfiguration;
			buildSettings = {
				ALWAYS_SEARCH_USER_PATHS = NO;
				CLANG_CXX_LANGUAGE_STANDARD = "gnu++0x";
				CLANG_CXX_LIBRARY = "libc++";
				CLANG_ENABLE_MODULES = YES;
				CLANG_ENABLE_OBJC_ARC = YES;
				CLANG_WARN_BOOL_CONVERSION = YES;
				CLANG_WARN_CONSTANT_CONVERSION = YES;
				CLANG_WARN_DIRECT_OBJC_ISA_USAGE = YES_ERROR;
				CLANG_WARN_EMPTY_BODY = YES;
				CLANG_WARN_ENUM_CONVERSION = YES;
				CLANG_WARN_INT_CONVERSION = YES;
				CLANG_WARN_OBJC_ROOT_CLASS = YES_ERROR;
				CLANG_WARN_UNREACHABLE_CODE = YES;
				CLANG_WARN__DUPLICATE_METHOD_MATCH = YES;
				"CODE_SIGN_IDENTITY[sdk=iphoneos*]" = "iPhone Developer";
				COPY_PHASE_STRIP = YES;
				ENABLE_NS_ASSERTIONS = NO;
				ENABLE_STRICT_OBJC_MSGSEND = YES;
				GCC_C_LANGUAGE_STANDARD = gnu99;
				GCC_WARN_64_TO_32_BIT_CONVERSION = YES;
				GCC_WARN_ABOUT_RETURN_TYPE = YES_ERROR;
				GCC_WARN_UNDECLARED_SELECTOR = YES;
				GCC_WARN_UNINITIALIZED_AUTOS = YES_AGGRESSIVE;
				GCC_WARN_UNUSED_FUNCTION = YES;
				GCC_WARN_UNUSED_VARIABLE = YES;
				IPHONEOS_DEPLOYMENT_TARGET = 8.1;
				MTL_ENABLE_DEBUG_INFO = NO;
				SDKROOT = iphoneos;
				TARGETED_DEVICE_FAMILY = 2;
				VALIDATE_PRODUCT = YES;
			};
			name = Release;
		};
		B9AA0D3D1A81E91100979455 /* Debug */ = {
			isa = XCBuildConfiguration;
			buildSettings = {
				ASSETCATALOG_COMPILER_APPICON_NAME = AppIcon;
				INFOPLIST_FILE = Lab03/Info.plist;
				LD_RUNPATH_SEARCH_PATHS = "$(inherited) @executable_path/Frameworks";
				PRODUCT_NAME = "$(TARGET_NAME)";
				TARGETED_DEVICE_FAMILY = "1,2";
			};
			name = Debug;
		};
		B9AA0D3E1A81E91100979455 /* Release */ = {
			isa = XCBuildConfiguration;
			buildSettings = {
				ASSETCATALOG_COMPILER_APPICON_NAME = AppIcon;
				INFOPLIST_FILE = Lab03/Info.plist;
				LD_RUNPATH_SEARCH_PATHS = "$(inherited) @executable_path/Frameworks";
				PRODUCT_NAME = "$(TARGET_NAME)";
				TARGETED_DEVICE_FAMILY = "1,2";
			};
			name = Release;
		};
		B9AA0D401A81E91100979455 /* Debug */ = {
			isa = XCBuildConfiguration;
			buildSettings = {
				BUNDLE_LOADER = "$(TEST_HOST)";
				FRAMEWORK_SEARCH_PATHS = (
					"$(SDKROOT)/Developer/Library/Frameworks",
					"$(inherited)",
				);
				GCC_PREPROCESSOR_DEFINITIONS = (
					"DEBUG=1",
					"$(inherited)",
				);
				INFOPLIST_FILE = Lab03Tests/Info.plist;
				LD_RUNPATH_SEARCH_PATHS = "$(inherited) @executable_path/Frameworks @loader_path/Frameworks";
				PRODUCT_NAME = "$(TARGET_NAME)";
				TEST_HOST = "$(BUILT_PRODUCTS_DIR)/Lab03.app/Lab03";
			};
			name = Debug;
		};
		B9AA0D411A81E91100979455 /* Release */ = {
			isa = XCBuildConfiguration;
			buildSettings = {
				BUNDLE_LOADER = "$(TEST_HOST)";
				FRAMEWORK_SEARCH_PATHS = (
					"$(SDKROOT)/Developer/Library/Frameworks",
					"$(inherited)",
				);
				INFOPLIST_FILE = Lab03Tests/Info.plist;
				LD_RUNPATH_SEARCH_PATHS = "$(inherited) @executable_path/Frameworks @loader_path/Frameworks";
				PRODUCT_NAME = "$(TARGET_NAME)";
				TEST_HOST = "$(BUILT_PRODUCTS_DIR)/Lab03.app/Lab03";
			};
			name = Release;
		};
/* End XCBuildConfiguration section */

/* Begin XCConfigurationList section */
		B9AA0D141A81E91100979455 /* Build configuration list for PBXProject "Lab03" */ = {
			isa = XCConfigurationList;
			buildConfigurations = (
				B9AA0D3A1A81E91100979455 /* Debug */,
				B9AA0D3B1A81E91100979455 /* Release */,
			);
			defaultConfigurationIsVisible = 0;
			defaultConfigurationName = Release;
		};
		B9AA0D3C1A81E91100979455 /* Build configuration list for PBXNativeTarget "Lab03" */ = {
			isa = XCConfigurationList;
			buildConfigurations = (
				B9AA0D3D1A81E91100979455 /* Debug */,
				B9AA0D3E1A81E91100979455 /* Release */,
			);
			defaultConfigurationIsVisible = 0;
		};
		B9AA0D3F1A81E91100979455 /* Build configuration list for PBXNativeTarget "Lab03Tests" */ = {
			isa = XCConfigurationList;
			buildConfigurations = (
				B9AA0D401A81E91100979455 /* Debug */,
				B9AA0D411A81E91100979455 /* Release */,
			);
			defaultConfigurationIsVisible = 0;
		};
/* End XCConfigurationList section */
	};
	rootObject = B9AA0D111A81E91100979455 /* Project object */;
}
